
Microsoft Visual Studio Solution File, Format Version 12.00
# Visual Studio Version 17
VisualStudioVersion = 17.8.34408.163
MinimumVisualStudioVersion = 10.0.40219.1
Project("{8BC9CEB8-8B4A-11D0-8D11-00A0C91BC942}") = "DataStructs_HW4", "DataStructs_HW4\DataStructs_HW4.vcxproj", "{35CCBABF-B73E-413D-A661-08A74CC68104}"
EndProject
Project("{8BC9CEB8-8B4A-11D0-8D11-00A0C91BC942}") = "TEST_DataStructs_HW4", "TEST_DataStructs_HW4\TEST_DataStructs_HW4.vcxproj", "{0702FB0D-9F99-46AA-BC59-C676BCEE8CF9}"
EndProject
Global
	GlobalSection(SolutionConfigurationPlatforms) = preSolution
		Debug|x64 = Debug|x64
		Debug|x86 = Debug|x86
		Release|x64 = Release|x64
		Release|x86 = Release|x86
	EndGlobalSection
	GlobalSection(ProjectConfigurationPlatforms) = postSolution
		{35CCBABF-B73E-413D-A661-08A74CC68104}.Debug|x64.ActiveCfg = Debug|x64
		{35CCBABF-B73E-413D-A661-08A74CC68104}.Debug|x64.Build.0 = Debug|x64
		{35CCBABF-B73E-413D-A661-08A74CC68104}.Debug|x86.ActiveCfg = Debug|Win32
		{35CCBABF-B73E-413D-A661-08A74CC68104}.Debug|x86.Build.0 = Debug|Win32
		{35CCBABF-B73E-413D-A661-08A74CC68104}.Release|x64.ActiveCfg = Release|x64
		{35CCBABF-B73E-413D-A661-08A74CC68104}.Release|x64.Build.0 = Release|x64
		{35CCBABF-B73E-413D-A661-08A74CC68104}.Release|x86.ActiveCfg = Release|Win32
		{35CCBABF-B73E-413D-A661-08A74CC68104}.Release|x86.Build.0 = Release|Win32
		{0702FB0D-9F99-46AA-BC59-C676BCEE8CF9}.Debug|x64.ActiveCfg = Debug|x64
		{0702FB0D-9F99-46AA-BC59-C676BCEE8CF9}.Debug|x64.Build.0 = Debug|x64
		{0702FB0D-9F99-46AA-BC59-C676BCEE8CF9}.Debug|x86.ActiveCfg = Debug|Win32
		{0702FB0D-9F99-46AA-BC59-C676BCEE8CF9}.Debug|x86.Build.0 = Debug|Win32
		{0702FB0D-9F99-46AA-BC59-C676BCEE8CF9}.Release|x64.ActiveCfg = Release|x64
		{0702FB0D-9F99-46AA-BC59-C676BCEE8CF9}.Release|x64.Build.0 = Release|x64
		{0702FB0D-9F99-46AA-BC59-C676BCEE8CF9}.Release|x86.ActiveCfg = Release|Win32
		{0702FB0D-9F99-46AA-BC59-C676BCEE8CF9}.Release|x86.Build.0 = Release|Win32
	EndGlobalSection
	GlobalSection(SolutionProperties) = preSolution
		HideSolutionNode = FALSE
	EndGlobalSection
	GlobalSection(ExtensibilityGlobals) = postSolution
		SolutionGuid = {1A164C97-3DC4-4615-8CD8-3274CA62226A}
	EndGlobalSection
EndGlobal
